<?xml version="1.0" encoding="utf-8"?>
<Project ToolsVersion="4.0" xmlns="http://schemas.microsoft.com/developer/msbuild/2003">
  <ItemGroup>
    <Filter Include="Source Files">
      <UniqueIdentifier>{5FC9D2F4-AAAA-41A9-9F90-28B8343B47C1}</UniqueIdentifier>
      <Extensions>cpp;c;cc;cxx;c++;def</Extensions>
    </Filter>
    <Filter Include="Header Files">
      <UniqueIdentifier>{2F93C300-6BC0-4E4D-9F92-3D2E8B380E2B}</UniqueIdentifier>
      <Extensions>h;hh;hpp;hxx;inl</Extensions>
    </Filter>
  </ItemGroup>
  <ItemGroup>
    <ClCompile Include="src\lzss_cli.cpp">
      <Filter>Source Files</Filter>
    </ClCompile>
    <ClCompile Include="src\lzss.cpp">
      <Filter>Source Files</Filter>
    </ClCompile>
  </ItemGroup>
  <ItemGroup>
    <ClInclude Include="src\lzss.h">
      <Filter>Header Files</Filter>
    </ClInclude>
  </ItemGroup>
</Project>
